
Microsoft Visual Studio Solution File, Format Version 12.00
# Visual Studio 14
VisualStudioVersion = 14.0.23107.0
MinimumVisualStudioVersion = 10.0.40219.1
Project("{FAE04EC0-301F-11D3-BF4B-00C04F79EFBC}") = "MediaInsights", "MediaInsights\MediaInsights.csproj", "{4D7D604F-C50F-455C-9193-3E2206C2FC3A}"
EndProject
Project("{FAE04EC0-301F-11D3-BF4B-00C04F79EFBC}") = "CommSights.Data", "CommSights.Data\CommSights.Data.csproj", "{BFB6FCA3-417B-48D7-B429-F6BF6E7515FF}"
EndProject
Global
	GlobalSection(SolutionConfigurationPlatforms) = preSolution
		Debug|Any CPU = Debug|Any CPU
		Release|Any CPU = Release|Any CPU
	EndGlobalSection
	GlobalSection(ProjectConfigurationPlatforms) = postSolution
		{4D7D604F-C50F-455C-9193-3E2206C2FC3A}.Debug|Any CPU.ActiveCfg = Debug|Any CPU
		{4D7D604F-C50F-455C-9193-3E2206C2FC3A}.Debug|Any CPU.Build.0 = Debug|Any CPU
		{4D7D604F-C50F-455C-9193-3E2206C2FC3A}.Release|Any CPU.ActiveCfg = Release|Any CPU
		{4D7D604F-C50F-455C-9193-3E2206C2FC3A}.Release|Any CPU.Build.0 = Release|Any CPU
		{BFB6FCA3-417B-48D7-B429-F6BF6E7515FF}.Debug|Any CPU.ActiveCfg = Debug|Any CPU
		{BFB6FCA3-417B-48D7-B429-F6BF6E7515FF}.Debug|Any CPU.Build.0 = Debug|Any CPU
		{BFB6FCA3-417B-48D7-B429-F6BF6E7515FF}.Release|Any CPU.ActiveCfg = Release|Any CPU
		{BFB6FCA3-417B-48D7-B429-F6BF6E7515FF}.Release|Any CPU.Build.0 = Release|Any CPU
	EndGlobalSection
	GlobalSection(SolutionProperties) = preSolution
		HideSolutionNode = FALSE
	EndGlobalSection
EndGlobal
